
Microsoft Visual Studio Solution File, Format Version 12.00
# Visual Studio Version 17
VisualStudioVersion = 17.0.31903.59
MinimumVisualStudioVersion = 10.0.40219.1
Project("{2150E333-8FDC-42A3-9474-1A3956D46DE8}") = "src", "src", "{F6E1103B-8F8C-4C0D-AE0A-8685B5B0A388}"
EndProject
Project("{2150E333-8FDC-42A3-9474-1A3956D46DE8}") = "tests", "tests", "{0BA16A4E-9587-4423-A992-81BFF1104000}"
EndProject
Project("{2150E333-8FDC-42A3-9474-1A3956D46DE8}") = ".shared", ".shared", "{11651586-05DB-4FC8-A079-F97D539251EA}"
EndProject
Project("{2150E333-8FDC-42A3-9474-1A3956D46DE8}") = "aspire", "aspire", "{F5DF819D-F259-4403-89FA-2876108A7FE9}"
EndProject
Project("{2150E333-8FDC-42A3-9474-1A3956D46DE8}") = "User", "User", "{33CE81DF-6E83-4764-B9EE-DA58AD84E071}"
EndProject
Project("{9A19103F-16F7-4668-BE54-9A1E7A4F7556}") = "dotnet-ecommerce.AppHost", "aspire\dotnet-ecommerce.AppHost\dotnet-ecommerce.AppHost.csproj", "{3AD35F56-3FD6-4DE8-8029-BF4EFA66429A}"
EndProject
Project("{9A19103F-16F7-4668-BE54-9A1E7A4F7556}") = "dotnet-ecommerce.ServiceDefaults", "aspire\dotnet-ecommerce.ServiceDefaults\dotnet-ecommerce.ServiceDefaults.csproj", "{1E0C0F83-FE0A-4381-B596-C9417BF02ACF}"
EndProject
Project("{9A19103F-16F7-4668-BE54-9A1E7A4F7556}") = "MeraStore.User.Api", "src\User\MeraStore.User.Api\MeraStore.User.Api.csproj", "{AACF876A-E29B-4687-8746-9D38F9EC09DC}"
EndProject
Project("{9A19103F-16F7-4668-BE54-9A1E7A4F7556}") = "MeraStore.User.Api.UnitTests", "tests\UnitTests\User\MeraStore.User.Api.UnitTests\MeraStore.User.Api.UnitTests.csproj", "{140A4C04-2134-4F07-A9EF-A3B589468D84}"
EndProject
Project("{2150E333-8FDC-42A3-9474-1A3956D46DE8}") = "UnitTests", "UnitTests", "{CD9C71D4-44C5-4BB4-9CF4-3A36DC165CFA}"
EndProject
Project("{E53339B2-1760-4266-BCC7-CA923CBCF16C}") = "docker-compose", "docker-compose.dcproj", "{5805F417-E841-4E09-AA9A-F2373ACA76A6}"
EndProject
Project("{9A19103F-16F7-4668-BE54-9A1E7A4F7556}") = "MeraStore.User.Shared.Common", "shared\MeraStore.User.Shared.Common\MeraStore.User.Shared.Common.csproj", "{5EB88C8D-6250-40FA-AE48-1649FFBE5576}"
EndProject
Project("{9A19103F-16F7-4668-BE54-9A1E7A4F7556}") = "MeraStore.Shared.Common.Logging", "shared\MeraStore.Shared.Common.Logging\MeraStore.Shared.Common.Logging.csproj", "{F6D11960-DD4F-4A73-B934-422D76826D9E}"
EndProject
Project("{9A19103F-16F7-4668-BE54-9A1E7A4F7556}") = "MeraStore.Shared.Common.WebApi", "shared\MeraStore.Shared.Common.WebApi\MeraStore.Shared.Common.WebApi.csproj", "{2CD0CE13-18C6-468A-A124-7829D8327921}"
EndProject
Project("{2150E333-8FDC-42A3-9474-1A3956D46DE8}") = "Product", "Product", "{35D79B4B-C8B9-443B-B7BF-BA7B461E44E1}"
EndProject
Project("{9A19103F-16F7-4668-BE54-9A1E7A4F7556}") = "MeraStore.Product.Api", "src\Product\MeraStore.Product.Api\MeraStore.Product.Api.csproj", "{4139D948-7CA8-405C-A9A8-E7A69681266D}"
EndProject
Project("{9A19103F-16F7-4668-BE54-9A1E7A4F7556}") = "MeraStore.Product.Models", "src\Product\MeraStore.Product.Models\MeraStore.Product.Models.csproj", "{3B707EAC-A8AA-4079-BD63-B733F24B4A6A}"
EndProject
Project("{9A19103F-16F7-4668-BE54-9A1E7A4F7556}") = "MeraStore.Product.Services", "src\Product\MeraStore.Product.Service\MeraStore.Product.Services.csproj", "{609B6159-BE1E-4EDF-BE6E-3F3EC771D81E}"
EndProject
Project("{2150E333-8FDC-42A3-9474-1A3956D46DE8}") = "User", "User", "{53CED3BA-554B-43B4-8863-66FCEA6F5448}"
EndProject
Project("{9A19103F-16F7-4668-BE54-9A1E7A4F7556}") = "MeraStore.Product.Api.Tests", "tests\UnitTests\Product\MeraStore.Product.Api.Tests\MeraStore.Product.Api.Tests.csproj", "{DB78B74E-579C-47A8-A4C5-537540986758}"
EndProject
Project("{9A19103F-16F7-4668-BE54-9A1E7A4F7556}") = "MeraStore.Product.Services.Tests", "tests\UnitTests\Product\MeraStore.Product.Services.Tests\MeraStore.Product.Services.Tests.csproj", "{8E1C08EC-66A6-4840-A052-0F6A4B76CDD5}"
EndProject
Project("{2150E333-8FDC-42A3-9474-1A3956D46DE8}") = "Product", "Product", "{BE816188-0BE5-4A26-A168-637EF516731D}"
EndProject
Project("{2150E333-8FDC-42A3-9474-1A3956D46DE8}") = "services", "services", "{922300D2-E3E8-40DF-973E-70D1448A9950}"
EndProject
Project("{2150E333-8FDC-42A3-9474-1A3956D46DE8}") = "Common", "Common", "{8FE0AEBA-B900-41F7-8570-01287B9186FE}"
EndProject
Project("{FAE04EC0-301F-11D3-BF4B-00C04F79EFBC}") = "MeraStore.User.Shared.Common.Tests", "tests\UnitTests\common\MeraStore.User.Shared.Common.Tests\MeraStore.User.Shared.Common.Tests.csproj", "{D3489A97-4A50-47EB-9891-F78319ECFC2D}"
EndProject
Project("{FAE04EC0-301F-11D3-BF4B-00C04F79EFBC}") = "MeraStore.Shared.Common.Http", "shared\MeraStore.Shared.Common.Http\MeraStore.Shared.Common.Http.csproj", "{8F46CE22-113A-4488-BB1F-C56E173881A3}"
EndProject
Global
	GlobalSection(SolutionConfigurationPlatforms) = preSolution
		Debug|Any CPU = Debug|Any CPU
		Release|Any CPU = Release|Any CPU
	EndGlobalSection
	GlobalSection(ProjectConfigurationPlatforms) = postSolution
		{3AD35F56-3FD6-4DE8-8029-BF4EFA66429A}.Debug|Any CPU.ActiveCfg = Debug|Any CPU
		{3AD35F56-3FD6-4DE8-8029-BF4EFA66429A}.Debug|Any CPU.Build.0 = Debug|Any CPU
		{3AD35F56-3FD6-4DE8-8029-BF4EFA66429A}.Release|Any CPU.ActiveCfg = Release|Any CPU
		{3AD35F56-3FD6-4DE8-8029-BF4EFA66429A}.Release|Any CPU.Build.0 = Release|Any CPU
		{1E0C0F83-FE0A-4381-B596-C9417BF02ACF}.Debug|Any CPU.ActiveCfg = Debug|Any CPU
		{1E0C0F83-FE0A-4381-B596-C9417BF02ACF}.Debug|Any CPU.Build.0 = Debug|Any CPU
		{1E0C0F83-FE0A-4381-B596-C9417BF02ACF}.Release|Any CPU.ActiveCfg = Release|Any CPU
		{1E0C0F83-FE0A-4381-B596-C9417BF02ACF}.Release|Any CPU.Build.0 = Release|Any CPU
		{AACF876A-E29B-4687-8746-9D38F9EC09DC}.Debug|Any CPU.ActiveCfg = Debug|Any CPU
		{AACF876A-E29B-4687-8746-9D38F9EC09DC}.Debug|Any CPU.Build.0 = Debug|Any CPU
		{AACF876A-E29B-4687-8746-9D38F9EC09DC}.Release|Any CPU.ActiveCfg = Release|Any CPU
		{AACF876A-E29B-4687-8746-9D38F9EC09DC}.Release|Any CPU.Build.0 = Release|Any CPU
		{140A4C04-2134-4F07-A9EF-A3B589468D84}.Debug|Any CPU.ActiveCfg = Debug|Any CPU
		{140A4C04-2134-4F07-A9EF-A3B589468D84}.Debug|Any CPU.Build.0 = Debug|Any CPU
		{140A4C04-2134-4F07-A9EF-A3B589468D84}.Release|Any CPU.ActiveCfg = Release|Any CPU
		{140A4C04-2134-4F07-A9EF-A3B589468D84}.Release|Any CPU.Build.0 = Release|Any CPU
		{5805F417-E841-4E09-AA9A-F2373ACA76A6}.Debug|Any CPU.ActiveCfg = Debug|Any CPU
		{5805F417-E841-4E09-AA9A-F2373ACA76A6}.Debug|Any CPU.Build.0 = Debug|Any CPU
		{5805F417-E841-4E09-AA9A-F2373ACA76A6}.Release|Any CPU.ActiveCfg = Release|Any CPU
		{5805F417-E841-4E09-AA9A-F2373ACA76A6}.Release|Any CPU.Build.0 = Release|Any CPU
		{5EB88C8D-6250-40FA-AE48-1649FFBE5576}.Debug|Any CPU.ActiveCfg = Debug|Any CPU
		{5EB88C8D-6250-40FA-AE48-1649FFBE5576}.Debug|Any CPU.Build.0 = Debug|Any CPU
		{5EB88C8D-6250-40FA-AE48-1649FFBE5576}.Release|Any CPU.ActiveCfg = Release|Any CPU
		{5EB88C8D-6250-40FA-AE48-1649FFBE5576}.Release|Any CPU.Build.0 = Release|Any CPU
		{F6D11960-DD4F-4A73-B934-422D76826D9E}.Debug|Any CPU.ActiveCfg = Debug|Any CPU
		{F6D11960-DD4F-4A73-B934-422D76826D9E}.Debug|Any CPU.Build.0 = Debug|Any CPU
		{F6D11960-DD4F-4A73-B934-422D76826D9E}.Release|Any CPU.ActiveCfg = Release|Any CPU
		{F6D11960-DD4F-4A73-B934-422D76826D9E}.Release|Any CPU.Build.0 = Release|Any CPU
		{2CD0CE13-18C6-468A-A124-7829D8327921}.Debug|Any CPU.ActiveCfg = Debug|Any CPU
		{2CD0CE13-18C6-468A-A124-7829D8327921}.Debug|Any CPU.Build.0 = Debug|Any CPU
		{2CD0CE13-18C6-468A-A124-7829D8327921}.Release|Any CPU.ActiveCfg = Release|Any CPU
		{2CD0CE13-18C6-468A-A124-7829D8327921}.Release|Any CPU.Build.0 = Release|Any CPU
		{4139D948-7CA8-405C-A9A8-E7A69681266D}.Debug|Any CPU.ActiveCfg = Debug|Any CPU
		{4139D948-7CA8-405C-A9A8-E7A69681266D}.Debug|Any CPU.Build.0 = Debug|Any CPU
		{4139D948-7CA8-405C-A9A8-E7A69681266D}.Release|Any CPU.ActiveCfg = Release|Any CPU
		{4139D948-7CA8-405C-A9A8-E7A69681266D}.Release|Any CPU.Build.0 = Release|Any CPU
		{3B707EAC-A8AA-4079-BD63-B733F24B4A6A}.Debug|Any CPU.ActiveCfg = Debug|Any CPU
		{3B707EAC-A8AA-4079-BD63-B733F24B4A6A}.Debug|Any CPU.Build.0 = Debug|Any CPU
		{3B707EAC-A8AA-4079-BD63-B733F24B4A6A}.Release|Any CPU.ActiveCfg = Release|Any CPU
		{3B707EAC-A8AA-4079-BD63-B733F24B4A6A}.Release|Any CPU.Build.0 = Release|Any CPU
		{609B6159-BE1E-4EDF-BE6E-3F3EC771D81E}.Debug|Any CPU.ActiveCfg = Debug|Any CPU
		{609B6159-BE1E-4EDF-BE6E-3F3EC771D81E}.Debug|Any CPU.Build.0 = Debug|Any CPU
		{609B6159-BE1E-4EDF-BE6E-3F3EC771D81E}.Release|Any CPU.ActiveCfg = Release|Any CPU
		{609B6159-BE1E-4EDF-BE6E-3F3EC771D81E}.Release|Any CPU.Build.0 = Release|Any CPU
		{DB78B74E-579C-47A8-A4C5-537540986758}.Debug|Any CPU.ActiveCfg = Debug|Any CPU
		{DB78B74E-579C-47A8-A4C5-537540986758}.Debug|Any CPU.Build.0 = Debug|Any CPU
		{DB78B74E-579C-47A8-A4C5-537540986758}.Release|Any CPU.ActiveCfg = Release|Any CPU
		{DB78B74E-579C-47A8-A4C5-537540986758}.Release|Any CPU.Build.0 = Release|Any CPU
		{8E1C08EC-66A6-4840-A052-0F6A4B76CDD5}.Debug|Any CPU.ActiveCfg = Debug|Any CPU
		{8E1C08EC-66A6-4840-A052-0F6A4B76CDD5}.Debug|Any CPU.Build.0 = Debug|Any CPU
		{8E1C08EC-66A6-4840-A052-0F6A4B76CDD5}.Release|Any CPU.ActiveCfg = Release|Any CPU
		{8E1C08EC-66A6-4840-A052-0F6A4B76CDD5}.Release|Any CPU.Build.0 = Release|Any CPU
		{D3489A97-4A50-47EB-9891-F78319ECFC2D}.Debug|Any CPU.ActiveCfg = Debug|Any CPU
		{D3489A97-4A50-47EB-9891-F78319ECFC2D}.Debug|Any CPU.Build.0 = Debug|Any CPU
		{D3489A97-4A50-47EB-9891-F78319ECFC2D}.Release|Any CPU.ActiveCfg = Release|Any CPU
		{D3489A97-4A50-47EB-9891-F78319ECFC2D}.Release|Any CPU.Build.0 = Release|Any CPU
		{8F46CE22-113A-4488-BB1F-C56E173881A3}.Debug|Any CPU.ActiveCfg = Debug|Any CPU
		{8F46CE22-113A-4488-BB1F-C56E173881A3}.Debug|Any CPU.Build.0 = Debug|Any CPU
		{8F46CE22-113A-4488-BB1F-C56E173881A3}.Release|Any CPU.ActiveCfg = Release|Any CPU
		{8F46CE22-113A-4488-BB1F-C56E173881A3}.Release|Any CPU.Build.0 = Release|Any CPU
	EndGlobalSection
	GlobalSection(SolutionProperties) = preSolution
		HideSolutionNode = FALSE
	EndGlobalSection
	GlobalSection(NestedProjects) = preSolution
		{33CE81DF-6E83-4764-B9EE-DA58AD84E071} = {922300D2-E3E8-40DF-973E-70D1448A9950}
		{3AD35F56-3FD6-4DE8-8029-BF4EFA66429A} = {F5DF819D-F259-4403-89FA-2876108A7FE9}
		{1E0C0F83-FE0A-4381-B596-C9417BF02ACF} = {F5DF819D-F259-4403-89FA-2876108A7FE9}
		{AACF876A-E29B-4687-8746-9D38F9EC09DC} = {33CE81DF-6E83-4764-B9EE-DA58AD84E071}
		{140A4C04-2134-4F07-A9EF-A3B589468D84} = {53CED3BA-554B-43B4-8863-66FCEA6F5448}
		{CD9C71D4-44C5-4BB4-9CF4-3A36DC165CFA} = {0BA16A4E-9587-4423-A992-81BFF1104000}
		{5EB88C8D-6250-40FA-AE48-1649FFBE5576} = {11651586-05DB-4FC8-A079-F97D539251EA}
		{F6D11960-DD4F-4A73-B934-422D76826D9E} = {11651586-05DB-4FC8-A079-F97D539251EA}
		{2CD0CE13-18C6-468A-A124-7829D8327921} = {11651586-05DB-4FC8-A079-F97D539251EA}
		{35D79B4B-C8B9-443B-B7BF-BA7B461E44E1} = {922300D2-E3E8-40DF-973E-70D1448A9950}
		{4139D948-7CA8-405C-A9A8-E7A69681266D} = {35D79B4B-C8B9-443B-B7BF-BA7B461E44E1}
		{3B707EAC-A8AA-4079-BD63-B733F24B4A6A} = {35D79B4B-C8B9-443B-B7BF-BA7B461E44E1}
		{609B6159-BE1E-4EDF-BE6E-3F3EC771D81E} = {35D79B4B-C8B9-443B-B7BF-BA7B461E44E1}
		{53CED3BA-554B-43B4-8863-66FCEA6F5448} = {CD9C71D4-44C5-4BB4-9CF4-3A36DC165CFA}
		{DB78B74E-579C-47A8-A4C5-537540986758} = {BE816188-0BE5-4A26-A168-637EF516731D}
		{8E1C08EC-66A6-4840-A052-0F6A4B76CDD5} = {BE816188-0BE5-4A26-A168-637EF516731D}
		{BE816188-0BE5-4A26-A168-637EF516731D} = {CD9C71D4-44C5-4BB4-9CF4-3A36DC165CFA}
		{922300D2-E3E8-40DF-973E-70D1448A9950} = {F6E1103B-8F8C-4C0D-AE0A-8685B5B0A388}
		{8FE0AEBA-B900-41F7-8570-01287B9186FE} = {CD9C71D4-44C5-4BB4-9CF4-3A36DC165CFA}
		{D3489A97-4A50-47EB-9891-F78319ECFC2D} = {8FE0AEBA-B900-41F7-8570-01287B9186FE}
		{8F46CE22-113A-4488-BB1F-C56E173881A3} = {11651586-05DB-4FC8-A079-F97D539251EA}
	EndGlobalSection
	GlobalSection(ExtensibilityGlobals) = postSolution
		SolutionGuid = {73733C57-C59E-40DC-A294-84A0941ABE8D}
	EndGlobalSection
EndGlobal
