
Microsoft Visual Studio Solution File, Format Version 12.00
# Visual Studio Version 17
VisualStudioVersion = 17.0.31903.59
MinimumVisualStudioVersion = 10.0.40219.1
Project("{2150E333-8FDC-42A3-9474-1A3956D46DE8}") = "src", "src", "{F6E1103B-8F8C-4C0D-AE0A-8685B5B0A388}"
EndProject
Project("{2150E333-8FDC-42A3-9474-1A3956D46DE8}") = "tests", "tests", "{0BA16A4E-9587-4423-A992-81BFF1104000}"
EndProject
Project("{2150E333-8FDC-42A3-9474-1A3956D46DE8}") = "shared", "shared", "{11651586-05DB-4FC8-A079-F97D539251EA}"
EndProject
Project("{2150E333-8FDC-42A3-9474-1A3956D46DE8}") = "aspire", "aspire", "{F5DF819D-F259-4403-89FA-2876108A7FE9}"
EndProject
Project("{2150E333-8FDC-42A3-9474-1A3956D46DE8}") = "User", "User", "{33CE81DF-6E83-4764-B9EE-DA58AD84E071}"
EndProject
Project("{9A19103F-16F7-4668-BE54-9A1E7A4F7556}") = "dotnet-ecommerce.AppHost", "aspire\dotnet-ecommerce.AppHost\dotnet-ecommerce.AppHost.csproj", "{3AD35F56-3FD6-4DE8-8029-BF4EFA66429A}"
EndProject
Project("{9A19103F-16F7-4668-BE54-9A1E7A4F7556}") = "dotnet-ecommerce.ServiceDefaults", "aspire\dotnet-ecommerce.ServiceDefaults\dotnet-ecommerce.ServiceDefaults.csproj", "{1E0C0F83-FE0A-4381-B596-C9417BF02ACF}"
EndProject
Project("{9A19103F-16F7-4668-BE54-9A1E7A4F7556}") = "BelleZone.User.Api", "src\User\BelleZone.User.Api\BelleZone.User.Api.csproj", "{AACF876A-E29B-4687-8746-9D38F9EC09DC}"
EndProject
Project("{2150E333-8FDC-42A3-9474-1A3956D46DE8}") = "UnitTests", "UnitTests", "{CD9C71D4-44C5-4BB4-9CF4-3A36DC165CFA}"
EndProject
Project("{E53339B2-1760-4266-BCC7-CA923CBCF16C}") = "docker-compose", "docker-compose.dcproj", "{5805F417-E841-4E09-AA9A-F2373ACA76A6}"
EndProject
Project("{2150E333-8FDC-42A3-9474-1A3956D46DE8}") = "Product", "Product", "{35D79B4B-C8B9-443B-B7BF-BA7B461E44E1}"
EndProject
Project("{9A19103F-16F7-4668-BE54-9A1E7A4F7556}") = "BelleZone.Product.Api", "src\Product\BelleZone.Product.Api\BelleZone.Product.Api.csproj", "{4139D948-7CA8-405C-A9A8-E7A69681266D}"
EndProject
Project("{FAE04EC0-301F-11D3-BF4B-00C04F79EFBC}") = "BelleZone.Product.Models", "src\Product\BelleZone.Product.Models\BelleZone.Product.Models.csproj", "{3B707EAC-A8AA-4079-BD63-B733F24B4A6A}"
EndProject
Project("{FAE04EC0-301F-11D3-BF4B-00C04F79EFBC}") = "BelleZone.Product.Services", "src\Product\BelleZone.Product.Service\BelleZone.Product.Services.csproj", "{609B6159-BE1E-4EDF-BE6E-3F3EC771D81E}"
EndProject
Project("{2150E333-8FDC-42A3-9474-1A3956D46DE8}") = "User", "User", "{53CED3BA-554B-43B4-8863-66FCEA6F5448}"
EndProject
Project("{2150E333-8FDC-42A3-9474-1A3956D46DE8}") = "Product", "Product", "{050CB1C0-3607-4FC6-A73E-90F72216BD75}"
EndProject
Project("{FAE04EC0-301F-11D3-BF4B-00C04F79EFBC}") = "BelleZone.Product.Api.Tests", "tests\UnitTests\Product\BelleZone.Product.Api.Tests\BelleZone.Product.Api.Tests.csproj", "{DB78B74E-579C-47A8-A4C5-537540986758}"
EndProject
Project("{9A19103F-16F7-4668-BE54-9A1E7A4F7556}") = "BelleZone.User.Api.UnitTests", "tests\UnitTests\User\BelleZone.User.Api.UnitTests\BelleZone.User.Api.UnitTests.csproj", "{40871139-B171-4148-A915-2C4B3018B75B}"
EndProject
Project("{FAE04EC0-301F-11D3-BF4B-00C04F79EFBC}") = "BelleZone.Product.Services.Tests", "tests\UnitTests\Product\BelleZone.Product.Services.Tests\BelleZone.Product.Services.Tests.csproj", "{8E1C08EC-66A6-4840-A052-0F6A4B76CDD5}"
EndProject
Global
	GlobalSection(SolutionConfigurationPlatforms) = preSolution
		Debug|Any CPU = Debug|Any CPU
		Release|Any CPU = Release|Any CPU
	EndGlobalSection
	GlobalSection(ProjectConfigurationPlatforms) = postSolution
		{3AD35F56-3FD6-4DE8-8029-BF4EFA66429A}.Debug|Any CPU.ActiveCfg = Debug|Any CPU
		{3AD35F56-3FD6-4DE8-8029-BF4EFA66429A}.Debug|Any CPU.Build.0 = Debug|Any CPU
		{3AD35F56-3FD6-4DE8-8029-BF4EFA66429A}.Release|Any CPU.ActiveCfg = Release|Any CPU
		{3AD35F56-3FD6-4DE8-8029-BF4EFA66429A}.Release|Any CPU.Build.0 = Release|Any CPU
		{1E0C0F83-FE0A-4381-B596-C9417BF02ACF}.Debug|Any CPU.ActiveCfg = Debug|Any CPU
		{1E0C0F83-FE0A-4381-B596-C9417BF02ACF}.Debug|Any CPU.Build.0 = Debug|Any CPU
		{1E0C0F83-FE0A-4381-B596-C9417BF02ACF}.Release|Any CPU.ActiveCfg = Release|Any CPU
		{1E0C0F83-FE0A-4381-B596-C9417BF02ACF}.Release|Any CPU.Build.0 = Release|Any CPU
		{AACF876A-E29B-4687-8746-9D38F9EC09DC}.Debug|Any CPU.ActiveCfg = Debug|Any CPU
		{AACF876A-E29B-4687-8746-9D38F9EC09DC}.Debug|Any CPU.Build.0 = Debug|Any CPU
		{AACF876A-E29B-4687-8746-9D38F9EC09DC}.Release|Any CPU.ActiveCfg = Release|Any CPU
		{AACF876A-E29B-4687-8746-9D38F9EC09DC}.Release|Any CPU.Build.0 = Release|Any CPU
		{5805F417-E841-4E09-AA9A-F2373ACA76A6}.Debug|Any CPU.ActiveCfg = Debug|Any CPU
		{5805F417-E841-4E09-AA9A-F2373ACA76A6}.Debug|Any CPU.Build.0 = Debug|Any CPU
		{5805F417-E841-4E09-AA9A-F2373ACA76A6}.Release|Any CPU.ActiveCfg = Release|Any CPU
		{5805F417-E841-4E09-AA9A-F2373ACA76A6}.Release|Any CPU.Build.0 = Release|Any CPU
		{4139D948-7CA8-405C-A9A8-E7A69681266D}.Debug|Any CPU.ActiveCfg = Debug|Any CPU
		{4139D948-7CA8-405C-A9A8-E7A69681266D}.Debug|Any CPU.Build.0 = Debug|Any CPU
		{4139D948-7CA8-405C-A9A8-E7A69681266D}.Release|Any CPU.ActiveCfg = Release|Any CPU
		{4139D948-7CA8-405C-A9A8-E7A69681266D}.Release|Any CPU.Build.0 = Release|Any CPU
		{3B707EAC-A8AA-4079-BD63-B733F24B4A6A}.Debug|Any CPU.ActiveCfg = Debug|Any CPU
		{3B707EAC-A8AA-4079-BD63-B733F24B4A6A}.Debug|Any CPU.Build.0 = Debug|Any CPU
		{3B707EAC-A8AA-4079-BD63-B733F24B4A6A}.Release|Any CPU.ActiveCfg = Release|Any CPU
		{3B707EAC-A8AA-4079-BD63-B733F24B4A6A}.Release|Any CPU.Build.0 = Release|Any CPU
		{609B6159-BE1E-4EDF-BE6E-3F3EC771D81E}.Debug|Any CPU.ActiveCfg = Debug|Any CPU
		{609B6159-BE1E-4EDF-BE6E-3F3EC771D81E}.Debug|Any CPU.Build.0 = Debug|Any CPU
		{609B6159-BE1E-4EDF-BE6E-3F3EC771D81E}.Release|Any CPU.ActiveCfg = Release|Any CPU
		{609B6159-BE1E-4EDF-BE6E-3F3EC771D81E}.Release|Any CPU.Build.0 = Release|Any CPU
		{DB78B74E-579C-47A8-A4C5-537540986758}.Debug|Any CPU.ActiveCfg = Debug|Any CPU
		{DB78B74E-579C-47A8-A4C5-537540986758}.Debug|Any CPU.Build.0 = Debug|Any CPU
		{DB78B74E-579C-47A8-A4C5-537540986758}.Release|Any CPU.ActiveCfg = Release|Any CPU
		{DB78B74E-579C-47A8-A4C5-537540986758}.Release|Any CPU.Build.0 = Release|Any CPU
		{40871139-B171-4148-A915-2C4B3018B75B}.Debug|Any CPU.ActiveCfg = Debug|Any CPU
		{40871139-B171-4148-A915-2C4B3018B75B}.Debug|Any CPU.Build.0 = Debug|Any CPU
		{40871139-B171-4148-A915-2C4B3018B75B}.Release|Any CPU.ActiveCfg = Release|Any CPU
		{40871139-B171-4148-A915-2C4B3018B75B}.Release|Any CPU.Build.0 = Release|Any CPU
		{8E1C08EC-66A6-4840-A052-0F6A4B76CDD5}.Debug|Any CPU.ActiveCfg = Debug|Any CPU
		{8E1C08EC-66A6-4840-A052-0F6A4B76CDD5}.Debug|Any CPU.Build.0 = Debug|Any CPU
		{8E1C08EC-66A6-4840-A052-0F6A4B76CDD5}.Release|Any CPU.ActiveCfg = Release|Any CPU
		{8E1C08EC-66A6-4840-A052-0F6A4B76CDD5}.Release|Any CPU.Build.0 = Release|Any CPU
	EndGlobalSection
	GlobalSection(SolutionProperties) = preSolution
		HideSolutionNode = FALSE
	EndGlobalSection
	GlobalSection(NestedProjects) = preSolution
		{33CE81DF-6E83-4764-B9EE-DA58AD84E071} = {F6E1103B-8F8C-4C0D-AE0A-8685B5B0A388}
		{3AD35F56-3FD6-4DE8-8029-BF4EFA66429A} = {F5DF819D-F259-4403-89FA-2876108A7FE9}
		{1E0C0F83-FE0A-4381-B596-C9417BF02ACF} = {F5DF819D-F259-4403-89FA-2876108A7FE9}
		{AACF876A-E29B-4687-8746-9D38F9EC09DC} = {33CE81DF-6E83-4764-B9EE-DA58AD84E071}
		{CD9C71D4-44C5-4BB4-9CF4-3A36DC165CFA} = {0BA16A4E-9587-4423-A992-81BFF1104000}
		{35D79B4B-C8B9-443B-B7BF-BA7B461E44E1} = {F6E1103B-8F8C-4C0D-AE0A-8685B5B0A388}
		{4139D948-7CA8-405C-A9A8-E7A69681266D} = {35D79B4B-C8B9-443B-B7BF-BA7B461E44E1}
		{3B707EAC-A8AA-4079-BD63-B733F24B4A6A} = {35D79B4B-C8B9-443B-B7BF-BA7B461E44E1}
		{609B6159-BE1E-4EDF-BE6E-3F3EC771D81E} = {35D79B4B-C8B9-443B-B7BF-BA7B461E44E1}
		{53CED3BA-554B-43B4-8863-66FCEA6F5448} = {CD9C71D4-44C5-4BB4-9CF4-3A36DC165CFA}
		{050CB1C0-3607-4FC6-A73E-90F72216BD75} = {CD9C71D4-44C5-4BB4-9CF4-3A36DC165CFA}
		{DB78B74E-579C-47A8-A4C5-537540986758} = {050CB1C0-3607-4FC6-A73E-90F72216BD75}
		{40871139-B171-4148-A915-2C4B3018B75B} = {53CED3BA-554B-43B4-8863-66FCEA6F5448}
		{8E1C08EC-66A6-4840-A052-0F6A4B76CDD5} = {050CB1C0-3607-4FC6-A73E-90F72216BD75}
	EndGlobalSection
	GlobalSection(ExtensibilityGlobals) = postSolution
		SolutionGuid = {73733C57-C59E-40DC-A294-84A0941ABE8D}
	EndGlobalSection
EndGlobal
